{
    "_readme": [
        "This file locks the dependencies of your project to a known state",
        "Read more about it at https://getcomposer.org/doc/01-basic-usage.md#installing-dependencies",
        "This file is @generated automatically"
    ],
    "content-hash": "ecea9865e28908eac5b13288298325de",
    "packages": [
        {
            "name": "farisc0de/phpfileuploading",
            "version": "v1.0.3",
            "source": {
                "type": "git",
                "url": "https://github.com/farisc0de/PhpFileUploading.git",
                "reference": "a220fda30f68176bbdd277939077b81c6e500128"
            },
            "dist": {
                "type": "zip",
                "url": "https://api.github.com/repos/farisc0de/PhpFileUploading/zipball/a220fda30f68176bbdd277939077b81c6e500128",
                "reference": "a220fda30f68176bbdd277939077b81c6e500128",
                "shasum": ""
            },
            "type": "library",
            "autoload": {
                "psr-4": {
                    "Farisc0de\\PhpFileUploading\\": "src/"
                }
            },
            "notification-url": "https://packagist.org/downloads/",
            "license": [
                "MIT"
            ],
            "authors": [
                {
                    "name": "Faris AL-Otaibi",
                    "email": "farisksa79@gmail.com"
                }
            ],
            "description": "PHP Library to help you build your own file sharing website.",
            "support": {
                "issues": "https://github.com/farisc0de/PhpFileUploading/issues",
                "source": "https://github.com/farisc0de/PhpFileUploading/tree/v1.0.3"
            },
            "time": "2023-05-04T04:46:45+00:00"
        },
        {
            "name": "farisc0de/phpmigration",
            "version": "v1.0",
            "source": {
                "type": "git",
                "url": "https://github.com/farisc0de/PhpMigration.git",
                "reference": "b130f1a5da14df85b6623b9027e181aaa110325d"
            },
            "dist": {
                "type": "zip",
                "url": "https://api.github.com/repos/farisc0de/PhpMigration/zipball/b130f1a5da14df85b6623b9027e181aaa110325d",
                "reference": "b130f1a5da14df85b6623b9027e181aaa110325d",
                "shasum": ""
            },
            "require": {
                "php": ">=7.0"
            },
            "require-dev": {
                "squizlabs/php_codesniffer": "*"
            },
            "type": "library",
            "autoload": {
                "psr-4": {
                    "Farisc0de\\PhpMigration\\": "src/"
                }
            },
            "notification-url": "https://packagist.org/downloads/",
            "license": [
                "MIT"
            ],
            "authors": [
                {
                    "name": "Faris AL-Otaibi",
                    "email": "farisksa79@gmail.com"
                }
            ],
            "description": "Migration Library for PHP",
            "support": {
                "issues": "https://github.com/farisc0de/PhpMigration/issues",
                "source": "https://github.com/farisc0de/PhpMigration/tree/v1.0"
            },
            "time": "2023-04-29T08:09:09+00:00"
        },
        {
            "name": "google/recaptcha",
            "version": "1.2.4",
            "source": {
                "type": "git",
                "url": "https://github.com/google/recaptcha.git",
                "reference": "614f25a9038be4f3f2da7cbfd778dc5b357d2419"
            },
            "dist": {
                "type": "zip",
                "url": "https://api.github.com/repos/google/recaptcha/zipball/614f25a9038be4f3f2da7cbfd778dc5b357d2419",
                "reference": "614f25a9038be4f3f2da7cbfd778dc5b357d2419",
                "shasum": ""
            },
            "require": {
                "php": ">=5.5"
            },
            "require-dev": {
                "friendsofphp/php-cs-fixer": "^2.2.20|^2.15",
                "php-coveralls/php-coveralls": "^2.1",
                "phpunit/phpunit": "^4.8.36|^5.7.27|^6.59|^7.5.11"
            },
            "type": "library",
            "extra": {
                "branch-alias": {
                    "dev-master": "1.2.x-dev"
                }
            },
            "autoload": {
                "psr-4": {
                    "ReCaptcha\\": "src/ReCaptcha"
                }
            },
            "notification-url": "https://packagist.org/downloads/",
            "license": [
                "BSD-3-Clause"
            ],
            "description": "Client library for reCAPTCHA, a free service that protects websites from spam and abuse.",
            "homepage": "https://www.google.com/recaptcha/",
            "keywords": [
                "Abuse",
                "captcha",
                "recaptcha",
                "spam"
            ],
            "support": {
                "forum": "https://groups.google.com/forum/#!forum/recaptcha",
                "issues": "https://github.com/google/recaptcha/issues",
                "source": "https://github.com/google/recaptcha"
            },
            "time": "2020-03-31T17:50:54+00:00"
        },
        {
            "name": "phpmailer/phpmailer",
            "version": "v6.8.0",
            "source": {
                "type": "git",
                "url": "https://github.com/PHPMailer/PHPMailer.git",
                "reference": "df16b615e371d81fb79e506277faea67a1be18f1"
            },
            "dist": {
                "type": "zip",
                "url": "https://api.github.com/repos/PHPMailer/PHPMailer/zipball/df16b615e371d81fb79e506277faea67a1be18f1",
                "reference": "df16b615e371d81fb79e506277faea67a1be18f1",
                "shasum": ""
            },
            "require": {
                "ext-ctype": "*",
                "ext-filter": "*",
                "ext-hash": "*",
                "php": ">=5.5.0"
            },
            "require-dev": {
                "dealerdirect/phpcodesniffer-composer-installer": "^0.7.2",
                "doctrine/annotations": "^1.2.6 || ^1.13.3",
                "php-parallel-lint/php-console-highlighter": "^1.0.0",
                "php-parallel-lint/php-parallel-lint": "^1.3.2",
                "phpcompatibility/php-compatibility": "^9.3.5",
                "roave/security-advisories": "dev-latest",
                "squizlabs/php_codesniffer": "^3.7.1",
                "yoast/phpunit-polyfills": "^1.0.4"
            },
            "suggest": {
                "ext-mbstring": "Needed to send email in multibyte encoding charset or decode encoded addresses",
                "ext-openssl": "Needed for secure SMTP sending and DKIM signing",
                "greew/oauth2-azure-provider": "Needed for Microsoft Azure XOAUTH2 authentication",
                "hayageek/oauth2-yahoo": "Needed for Yahoo XOAUTH2 authentication",
                "league/oauth2-google": "Needed for Google XOAUTH2 authentication",
                "psr/log": "For optional PSR-3 debug logging",
                "symfony/polyfill-mbstring": "To support UTF-8 if the Mbstring PHP extension is not enabled (^1.2)",
                "thenetworg/oauth2-azure": "Needed for Microsoft XOAUTH2 authentication"
            },
            "type": "library",
            "autoload": {
                "psr-4": {
                    "PHPMailer\\PHPMailer\\": "src/"
                }
            },
            "notification-url": "https://packagist.org/downloads/",
            "license": [
                "LGPL-2.1-only"
            ],
            "authors": [
                {
                    "name": "Marcus Bointon",
                    "email": "phpmailer@synchromedia.co.uk"
                },
                {
                    "name": "Jim Jagielski",
                    "email": "jimjag@gmail.com"
                },
                {
                    "name": "Andy Prevost",
                    "email": "codeworxtech@users.sourceforge.net"
                },
                {
                    "name": "Brent R. Matzelle"
                }
            ],
            "description": "PHPMailer is a full-featured email creation and transfer class for PHP",
            "support": {
                "issues": "https://github.com/PHPMailer/PHPMailer/issues",
                "source": "https://github.com/PHPMailer/PHPMailer/tree/v6.8.0"
            },
            "funding": [
                {
                    "url": "https://github.com/Synchro",
                    "type": "github"
                }
            ],
            "time": "2023-03-06T14:43:22+00:00"
        },
        {
            "name": "robthree/twofactorauth",
            "version": "1.8.2",
            "source": {
                "type": "git",
                "url": "https://github.com/RobThree/TwoFactorAuth.git",
                "reference": "65681de5a324eae05140ac58b08648a60212afc0"
            },
            "dist": {
                "type": "zip",
                "url": "https://api.github.com/repos/RobThree/TwoFactorAuth/zipball/65681de5a324eae05140ac58b08648a60212afc0",
                "reference": "65681de5a324eae05140ac58b08648a60212afc0",
                "shasum": ""
            },
            "require": {
                "php": ">=5.6.0"
            },
            "require-dev": {
                "php-parallel-lint/php-parallel-lint": "^1.2",
                "phpunit/phpunit": "@stable"
            },
            "suggest": {
                "bacon/bacon-qr-code": "Needed for BaconQrCodeProvider provider",
                "endroid/qr-code": "Needed for EndroidQrCodeProvider"
            },
            "type": "library",
            "autoload": {
                "psr-4": {
                    "RobThree\\Auth\\": "lib"
                }
            },
            "notification-url": "https://packagist.org/downloads/",
            "license": [
                "MIT"
            ],
            "authors": [
                {
                    "name": "Rob Janssen",
                    "homepage": "http://robiii.me",
                    "role": "Developer"
                }
            ],
            "description": "Two Factor Authentication",
            "homepage": "https://github.com/RobThree/TwoFactorAuth",
            "keywords": [
                "Authentication",
                "MFA",
                "Multi Factor Authentication",
                "Two Factor Authentication",
                "authenticator",
                "authy",
                "php",
                "tfa"
            ],
            "support": {
                "issues": "https://github.com/RobThree/TwoFactorAuth/issues",
                "source": "https://github.com/RobThree/TwoFactorAuth"
            },
            "funding": [
                {
                    "url": "https://paypal.me/robiii",
                    "type": "custom"
                },
                {
                    "url": "https://github.com/RobThree",
                    "type": "github"
                }
            ],
            "time": "2022-03-22T16:11:07+00:00"
        },
        {
            "name": "wolfcast/browser-detection",
            "version": "2.9.7",
            "source": {
                "type": "git",
                "url": "https://github.com/Wolfcast/BrowserDetection.git",
                "reference": "77fad169776d6c4fc61fa740fb16495cafc505eb"
            },
            "dist": {
                "type": "zip",
                "url": "https://api.github.com/repos/Wolfcast/BrowserDetection/zipball/77fad169776d6c4fc61fa740fb16495cafc505eb",
                "reference": "77fad169776d6c4fc61fa740fb16495cafc505eb",
                "shasum": ""
            },
            "require": {
                "php": ">=5.3.0"
            },
            "type": "library",
            "autoload": {
                "classmap": [
                    "lib/BrowserDetection.php"
                ]
            },
            "notification-url": "https://packagist.org/downloads/",
            "license": [
                "LGPL-3.0-or-later"
            ],
            "authors": [
                {
                    "name": "Alexandre Valiquette",
                    "homepage": "https://wolfcast.com/",
                    "role": "Lead developer"
                }
            ],
            "description": "The Wolfcast BrowserDetection PHP class facilitates the identification of the user's environment such as Web browser, version, platform family, platform version or if it's a mobile device or not.",
            "homepage": "https://github.com/Wolfcast/BrowserDetection",
            "keywords": [
                "browser",
                "detection",
                "environment",
                "mobile",
                "platform",
                "version"
            ],
            "support": {
                "issues": "https://github.com/Wolfcast/BrowserDetection/issues",
                "source": "https://github.com/Wolfcast/BrowserDetection/tree/2.9.7"
            },
            "time": "2022-09-21T04:06:27+00:00"
        }
    ],
    "packages-dev": [],
    "aliases": [],
    "minimum-stability": "stable",
    "stability-flags": [],
    "prefer-stable": false,
    "prefer-lowest": false,
    "platform": [],
    "platform-dev": [],
    "plugin-api-version": "2.3.0"
}
